
Microsoft Visual Studio Solution File, Format Version 12.00
# Visual Studio 15
VisualStudioVersion = 15.0.28307.106
MinimumVisualStudioVersion = 10.0.40219.1
Project("{9A19103F-16F7-4668-BE54-9A1E7A4F7556}") = "Palindrome", "Palindrome\Palindrome.csproj", "{7F000F1A-0128-412B-B307-AB40336FB858}"
EndProject
Project("{9A19103F-16F7-4668-BE54-9A1E7A4F7556}") = "PalindromeUnitTest", "PalindromeUnitTest\PalindromeUnitTest.csproj", "{F4DE405E-6FD2-45F3-A69D-65C72B7649D0}"
EndProject
Global
	GlobalSection(SolutionConfigurationPlatforms) = preSolution
		Debug|Any CPU = Debug|Any CPU
		Release|Any CPU = Release|Any CPU
	EndGlobalSection
	GlobalSection(ProjectConfigurationPlatforms) = postSolution
		{7F000F1A-0128-412B-B307-AB40336FB858}.Debug|Any CPU.ActiveCfg = Debug|Any CPU
		{7F000F1A-0128-412B-B307-AB40336FB858}.Debug|Any CPU.Build.0 = Debug|Any CPU
		{7F000F1A-0128-412B-B307-AB40336FB858}.Release|Any CPU.ActiveCfg = Release|Any CPU
		{7F000F1A-0128-412B-B307-AB40336FB858}.Release|Any CPU.Build.0 = Release|Any CPU
		{F4DE405E-6FD2-45F3-A69D-65C72B7649D0}.Debug|Any CPU.ActiveCfg = Debug|Any CPU
		{F4DE405E-6FD2-45F3-A69D-65C72B7649D0}.Debug|Any CPU.Build.0 = Debug|Any CPU
		{F4DE405E-6FD2-45F3-A69D-65C72B7649D0}.Release|Any CPU.ActiveCfg = Release|Any CPU
		{F4DE405E-6FD2-45F3-A69D-65C72B7649D0}.Release|Any CPU.Build.0 = Release|Any CPU
	EndGlobalSection
	GlobalSection(SolutionProperties) = preSolution
		HideSolutionNode = FALSE
	EndGlobalSection
	GlobalSection(ExtensibilityGlobals) = postSolution
		SolutionGuid = {AB0C80B1-AF6A-445C-B545-306B50C82D23}
	EndGlobalSection
EndGlobal
